<?xml version="1.0" encoding="UTF-8" standalone="yes" ?>
<CodeBlocks_project_file>
	<FileVersion major="1" minor="6" />
	<Project>
		<Option title="test_code" />
		<Option pch_mode="2" />
		<Option compiler="gcc" />
		<Build>
			<Target title="Debug">
				<Option output="bin/Debug/test_code" prefix_auto="1" extension_auto="1" />
				<Option object_output="obj/Debug/" />
				<Option type="1" />
				<Option compiler="gcc" />
				<Compiler>
					<Add option="-g" />
				</Compiler>
			</Target>
			<Target title="Release">
				<Option output="bin/Release/test_code" prefix_auto="1" extension_auto="1" />
				<Option object_output="obj/Release/" />
				<Option type="1" />
				<Option compiler="gcc" />
				<Compiler>
					<Add option="-O2" />
				</Compiler>
				<Linker>
					<Add option="-s" />
				</Linker>
			</Target>
		</Build>
		<Compiler>
			<Add option="-Wall" />
			<Add option="-fexceptions" />
		</Compiler>
		<Unit filename="autogenerated.cpp" />
		<Unit filename="boot-gates.cpp" />
		<Unit filename="lagrangehalfc_arithmetic.h" />
		<Unit filename="lwe-bootstrapping-functions-fft.cpp" />
		<Unit filename="lwe-bootstrapping-functions.cpp" />
		<Unit filename="lwe-functions.cpp" />
		<Unit filename="lwe-functions.h" />
		<Unit filename="lwe-keyswitch-functions.cpp" />
		<Unit filename="lwe.cpp" />
		<Unit filename="lwebootstrappingkey.cpp" />
		<Unit filename="lwebootstrappingkey.h" />
		<Unit filename="lwekey.cpp" />
		<Unit filename="lwekey.h" />
		<Unit filename="lwekeyswitch.cpp" />
		<Unit filename="lwekeyswitch.h" />
		<Unit filename="lweparams.cpp" />
		<Unit filename="lweparams.h" />
		<Unit filename="lwesamples.cpp" />
		<Unit filename="lwesamples.h" />
		<Unit filename="main.cpp" />
		<Unit filename="multiplication.cpp" />
		<Unit filename="numeric-functions.cpp" />
		<Unit filename="numeric_functions.h" />
		<Unit filename="polynomials.cpp" />
		<Unit filename="polynomials.h" />
		<Unit filename="polynomials_arithmetic.h" />
		<Unit filename="tfhe.h" />
		<Unit filename="tfhe_core.h" />
		<Unit filename="tfhe_garbage_collector.cpp" />
		<Unit filename="tfhe_garbage_collector.h" />
		<Unit filename="tfhe_gate_bootstrapping.cpp" />
		<Unit filename="tfhe_gate_bootstrapping_functions.h" />
		<Unit filename="tfhe_gate_bootstrapping_structures.cpp" />
		<Unit filename="tfhe_gate_bootstrapping_structures.h" />
		<Unit filename="tfhe_generic_streams.cpp" />
		<Unit filename="tfhe_generic_streams.h" />
		<Unit filename="tfhe_generic_templates.h" />
		<Unit filename="tfhe_io.cpp" />
		<Unit filename="tfhe_io.h" />
		<Unit filename="tgsw-fft-operations.cpp" />
		<Unit filename="tgsw-functions.cpp" />
		<Unit filename="tgsw.cpp" />
		<Unit filename="tgsw.h" />
		<Unit filename="tgsw_functions.h" />
		<Unit filename="tlwe-fft-operations.cpp" />
		<Unit filename="tlwe-functions.cpp" />
		<Unit filename="tlwe.cpp" />
		<Unit filename="tlwe.h" />
		<Unit filename="tlwe_functions.h" />
		<Unit filename="toruspolynomial-functions.cpp" />
		<Extensions>
			<code_completion />
			<debugger />
		</Extensions>
	</Project>
</CodeBlocks_project_file>
